
Microsoft Visual Studio Solution File, Format Version 12.00
# Visual Studio Version 17
VisualStudioVersion = 17.8.34316.72
MinimumVisualStudioVersion = 10.0.40219.1
Project("{9A19103F-16F7-4668-BE54-9A1E7A4F7556}") = "CSharp5", "CSharp5\CSharp5.csproj", "{C40F1071-4BC3-484D-A34D-5EB9D5A36617}"
EndProject
Project("{FAE04EC0-301F-11D3-BF4B-00C04F79EFBC}") = "NumericFunctions", "NumericFunctions\NumericFunctions.csproj", "{5BC254C8-0693-4303-AAFD-7E653D34C572}"
EndProject
Project("{FAE04EC0-301F-11D3-BF4B-00C04F79EFBC}") = "StringFunctions", "StringFunctions\StringFunctions.csproj", "{A45CBA2A-F7B5-4561-8309-525DE5F9C7C1}"
EndProject
Global
	GlobalSection(SolutionConfigurationPlatforms) = preSolution
		Debug|Any CPU = Debug|Any CPU
		Release|Any CPU = Release|Any CPU
	EndGlobalSection
	GlobalSection(ProjectConfigurationPlatforms) = postSolution
		{C40F1071-4BC3-484D-A34D-5EB9D5A36617}.Debug|Any CPU.ActiveCfg = Debug|Any CPU
		{C40F1071-4BC3-484D-A34D-5EB9D5A36617}.Debug|Any CPU.Build.0 = Debug|Any CPU
		{C40F1071-4BC3-484D-A34D-5EB9D5A36617}.Release|Any CPU.ActiveCfg = Release|Any CPU
		{C40F1071-4BC3-484D-A34D-5EB9D5A36617}.Release|Any CPU.Build.0 = Release|Any CPU
		{5BC254C8-0693-4303-AAFD-7E653D34C572}.Debug|Any CPU.ActiveCfg = Debug|Any CPU
		{5BC254C8-0693-4303-AAFD-7E653D34C572}.Debug|Any CPU.Build.0 = Debug|Any CPU
		{5BC254C8-0693-4303-AAFD-7E653D34C572}.Release|Any CPU.ActiveCfg = Release|Any CPU
		{5BC254C8-0693-4303-AAFD-7E653D34C572}.Release|Any CPU.Build.0 = Release|Any CPU
		{A45CBA2A-F7B5-4561-8309-525DE5F9C7C1}.Debug|Any CPU.ActiveCfg = Debug|Any CPU
		{A45CBA2A-F7B5-4561-8309-525DE5F9C7C1}.Debug|Any CPU.Build.0 = Debug|Any CPU
		{A45CBA2A-F7B5-4561-8309-525DE5F9C7C1}.Release|Any CPU.ActiveCfg = Release|Any CPU
		{A45CBA2A-F7B5-4561-8309-525DE5F9C7C1}.Release|Any CPU.Build.0 = Release|Any CPU
	EndGlobalSection
	GlobalSection(SolutionProperties) = preSolution
		HideSolutionNode = FALSE
	EndGlobalSection
	GlobalSection(ExtensibilityGlobals) = postSolution
		SolutionGuid = {21FC1CCF-6364-487E-81D7-4CD7E3D64E75}
	EndGlobalSection
EndGlobal
